
Microsoft Visual Studio Solution File, Format Version 12.00
# Visual Studio Version 17
VisualStudioVersion = 17.9.34728.123
MinimumVisualStudioVersion = 10.0.40219.1
Project("{9A19103F-16F7-4668-BE54-9A1E7A4F7556}") = "TranquiloSystem.API", "TranquiloSystem.API\TranquiloSystem.API.csproj", "{9191DCAE-2E6F-437B-9386-705598993FC1}"
EndProject
Project("{9A19103F-16F7-4668-BE54-9A1E7A4F7556}") = "TranquiloSystem.BLL", "TranquiloSystem.BLL\TranquiloSystem.BLL.csproj", "{69F06279-8A72-4987-B8EE-13C4AB3684A3}"
EndProject
Project("{9A19103F-16F7-4668-BE54-9A1E7A4F7556}") = "TranquiloSystem.DAL", "TranquiloSystem.DAL\TranquiloSystem.DAL.csproj", "{9B1EE4ED-0205-4F66-A530-52C8619B42B2}"
EndProject
Global
	GlobalSection(SolutionConfigurationPlatforms) = preSolution
		Debug|Any CPU = Debug|Any CPU
		Release|Any CPU = Release|Any CPU
	EndGlobalSection
	GlobalSection(ProjectConfigurationPlatforms) = postSolution
		{9191DCAE-2E6F-437B-9386-705598993FC1}.Debug|Any CPU.ActiveCfg = Debug|Any CPU
		{9191DCAE-2E6F-437B-9386-705598993FC1}.Debug|Any CPU.Build.0 = Debug|Any CPU
		{9191DCAE-2E6F-437B-9386-705598993FC1}.Release|Any CPU.ActiveCfg = Release|Any CPU
		{9191DCAE-2E6F-437B-9386-705598993FC1}.Release|Any CPU.Build.0 = Release|Any CPU
		{69F06279-8A72-4987-B8EE-13C4AB3684A3}.Debug|Any CPU.ActiveCfg = Debug|Any CPU
		{69F06279-8A72-4987-B8EE-13C4AB3684A3}.Debug|Any CPU.Build.0 = Debug|Any CPU
		{69F06279-8A72-4987-B8EE-13C4AB3684A3}.Release|Any CPU.ActiveCfg = Release|Any CPU
		{69F06279-8A72-4987-B8EE-13C4AB3684A3}.Release|Any CPU.Build.0 = Release|Any CPU
		{9B1EE4ED-0205-4F66-A530-52C8619B42B2}.Debug|Any CPU.ActiveCfg = Debug|Any CPU
		{9B1EE4ED-0205-4F66-A530-52C8619B42B2}.Debug|Any CPU.Build.0 = Debug|Any CPU
		{9B1EE4ED-0205-4F66-A530-52C8619B42B2}.Release|Any CPU.ActiveCfg = Release|Any CPU
		{9B1EE4ED-0205-4F66-A530-52C8619B42B2}.Release|Any CPU.Build.0 = Release|Any CPU
	EndGlobalSection
	GlobalSection(SolutionProperties) = preSolution
		HideSolutionNode = FALSE
	EndGlobalSection
	GlobalSection(ExtensibilityGlobals) = postSolution
		SolutionGuid = {087399B8-E2D6-4832-AF59-418F20C90B31}
	EndGlobalSection
EndGlobal
